
Microsoft Visual Studio Solution File, Format Version 12.00
Project("{FAE04EC0-301F-11D3-BF4B-00C04F79EFBC}") = "Apollo.Caching.Nats", "Apollo.Caching.Nats\Apollo.Caching.Nats.csproj", "{BBECA0FC-4EFE-4D19-8D44-E71A571CACE2}"
EndProject
Project("{FAE04EC0-301F-11D3-BF4B-00C04F79EFBC}") = "Demo", "Demo\Demo.csproj", "{780226DC-D70D-4F1C-83CD-EE1C833AE467}"
EndProject
Global
	GlobalSection(SolutionConfigurationPlatforms) = preSolution
		Debug|Any CPU = Debug|Any CPU
		Release|Any CPU = Release|Any CPU
	EndGlobalSection
	GlobalSection(ProjectConfigurationPlatforms) = postSolution
		{BBECA0FC-4EFE-4D19-8D44-E71A571CACE2}.Debug|Any CPU.ActiveCfg = Debug|Any CPU
		{BBECA0FC-4EFE-4D19-8D44-E71A571CACE2}.Debug|Any CPU.Build.0 = Debug|Any CPU
		{BBECA0FC-4EFE-4D19-8D44-E71A571CACE2}.Release|Any CPU.ActiveCfg = Release|Any CPU
		{BBECA0FC-4EFE-4D19-8D44-E71A571CACE2}.Release|Any CPU.Build.0 = Release|Any CPU
		{780226DC-D70D-4F1C-83CD-EE1C833AE467}.Debug|Any CPU.ActiveCfg = Debug|Any CPU
		{780226DC-D70D-4F1C-83CD-EE1C833AE467}.Debug|Any CPU.Build.0 = Debug|Any CPU
		{780226DC-D70D-4F1C-83CD-EE1C833AE467}.Release|Any CPU.ActiveCfg = Release|Any CPU
		{780226DC-D70D-4F1C-83CD-EE1C833AE467}.Release|Any CPU.Build.0 = Release|Any CPU
	EndGlobalSection
EndGlobal
